
Microsoft Visual Studio Solution File, Format Version 12.00
# Visual Studio Version 16
VisualStudioVersion = 16.0.29806.167
MinimumVisualStudioVersion = 10.0.40219.1
Project("{FAE04EC0-301F-11D3-BF4B-00C04F79EFBC}") = "SapCode", "SapCode\SapCode.csproj", "{37420C4D-42EF-4525-8939-8DDC827A5B20}"
EndProject
Global
	GlobalSection(SolutionConfigurationPlatforms) = preSolution
		Debug|Any CPU = Debug|Any CPU
		Release|Any CPU = Release|Any CPU
	EndGlobalSection
	GlobalSection(ProjectConfigurationPlatforms) = postSolution
		{37420C4D-42EF-4525-8939-8DDC827A5B20}.Debug|Any CPU.ActiveCfg = Debug|Any CPU
		{37420C4D-42EF-4525-8939-8DDC827A5B20}.Debug|Any CPU.Build.0 = Debug|Any CPU
		{37420C4D-42EF-4525-8939-8DDC827A5B20}.Release|Any CPU.ActiveCfg = Release|Any CPU
		{37420C4D-42EF-4525-8939-8DDC827A5B20}.Release|Any CPU.Build.0 = Release|Any CPU
	EndGlobalSection
	GlobalSection(SolutionProperties) = preSolution
		HideSolutionNode = FALSE
	EndGlobalSection
	GlobalSection(ExtensibilityGlobals) = postSolution
		SolutionGuid = {9116F8FD-ACD2-4A35-8176-8C16D51B24AA}
	EndGlobalSection
EndGlobal
